
Microsoft Visual Studio Solution File, Format Version 12.00
# Visual Studio Version 16
VisualStudioVersion = 16.0.31105.61
MinimumVisualStudioVersion = 10.0.40219.1
Project("{FAE04EC0-301F-11D3-BF4B-00C04F79EFBC}") = "ViewModelsDemo", "ViewModelsDemo\ViewModelsDemo.csproj", "{757DB1B0-F53B-4EB2-9ACC-688E27A0E59B}"
EndProject
Global
	GlobalSection(SolutionConfigurationPlatforms) = preSolution
		Debug|Any CPU = Debug|Any CPU
		Release|Any CPU = Release|Any CPU
	EndGlobalSection
	GlobalSection(ProjectConfigurationPlatforms) = postSolution
		{757DB1B0-F53B-4EB2-9ACC-688E27A0E59B}.Debug|Any CPU.ActiveCfg = Debug|Any CPU
		{757DB1B0-F53B-4EB2-9ACC-688E27A0E59B}.Debug|Any CPU.Build.0 = Debug|Any CPU
		{757DB1B0-F53B-4EB2-9ACC-688E27A0E59B}.Release|Any CPU.ActiveCfg = Release|Any CPU
		{757DB1B0-F53B-4EB2-9ACC-688E27A0E59B}.Release|Any CPU.Build.0 = Release|Any CPU
	EndGlobalSection
	GlobalSection(SolutionProperties) = preSolution
		HideSolutionNode = FALSE
	EndGlobalSection
	GlobalSection(ExtensibilityGlobals) = postSolution
		SolutionGuid = {E89CBD03-1285-4FBE-8CD6-1EDBFF08956B}
	EndGlobalSection
EndGlobal
